{
  "name": "@carbonenginejs/engine-webgpu",
  "version": "0.3.0",
  "lockfileVersion": 3,
  "requires": true,
  "packages": {
    "": {
      "name": "@carbonenginejs/engine-webgpu",
      "version": "0.3.0",
      "license": "MIT",
      "devDependencies": {
        "@carbonenginejs/runtime-resource": "^0.22.0",
        "@carbonenginejs/runtime-trinity": "^0.11.2",
        "@carbonenginejs/runtime-utils": "^0.1.6",
        "playwright": "^1.61.1"
      },
      "engines": {
        "node": ">=18"
      }
    },
    "node_modules/@carbonenginejs/runtime-resource": {
      "version": "0.22.0",
      "resolved": "https://registry.npmjs.org/@carbonenginejs/runtime-resource/-/runtime-resource-0.22.0.tgz",
      "integrity": "sha512-ir07Vy5Q14Y8j+N04951vYpZ/Uj///oRTHMbxMYQ8+vVF3glTMqR3ygz5IT2mDns1sl1TpiuwqgkpLtotFYXzQ==",
      "dev": true,
      "license": "MIT",
      "dependencies": {
        "@carbonenginejs/runtime-utils": "^0.1.6",
        "meshoptimizer": "^1.2.0",
        "yaml": "^2.4.0"
      },
      "engines": {
        "node": ">=18"
      }
    },
    "node_modules/@carbonenginejs/runtime-trinity": {
      "version": "0.11.2",
      "resolved": "https://registry.npmjs.org/@carbonenginejs/runtime-trinity/-/runtime-trinity-0.11.2.tgz",
      "integrity": "sha512-qXWpfO8qjx3ukKeWcG5rtIp5DUB2JAoyGrOHGUCt1akLPrjcdGjJtmFCcgrT42bbdJSEzDkXOtY8bqVbGebJYg==",
      "dev": true,
      "license": "MIT",
      "dependencies": {
        "@carbonenginejs/runtime-resource": "^0.22.0",
        "@carbonenginejs/runtime-utils": "^0.1.6"
      },
      "engines": {
        "node": ">=18"
      }
    },
    "node_modules/@carbonenginejs/runtime-utils": {
      "version": "0.1.6",
      "resolved": "https://registry.npmjs.org/@carbonenginejs/runtime-utils/-/runtime-utils-0.1.6.tgz",
      "integrity": "sha512-NRNKgZIWcgsXZPwfOmSkCm88kS71U63gcOs6eFuvBvbGXyJ3KgOXaqc46wSkjBQLgceEbcgz5H90UlA2Y6am9w==",
      "dev": true,
      "license": "MIT",
      "dependencies": {
        "gl-matrix": "^3.4.4"
      },
      "engines": {
        "node": ">=18"
      }
    },
    "node_modules/fsevents": {
      "version": "2.3.2",
      "resolved": "https://registry.npmjs.org/fsevents/-/fsevents-2.3.2.tgz",
      "integrity": "sha512-xiqMQR4xAeHTuB9uWm+fFRcIOgKBMiOBP+eXiyT7jsgVCq1bkVygt00oASowB7EdtpOHaaPgKt812P9ab+DDKA==",
      "dev": true,
      "hasInstallScript": true,
      "license": "MIT",
      "optional": true,
      "os": [
        "darwin"
      ],
      "engines": {
        "node": "^8.16.0 || ^10.6.0 || >=11.0.0"
      }
    },
    "node_modules/gl-matrix": {
      "version": "3.4.4",
      "resolved": "https://registry.npmjs.org/gl-matrix/-/gl-matrix-3.4.4.tgz",
      "integrity": "sha512-latSnyDNt/8zYUB6VIJ6PCh2jBjJX6gnDsoCZ7LyW7GkqrD51EWwa9qCoGixj8YqBtETQK/xY7OmpTF8xz1DdQ==",
      "dev": true,
      "license": "MIT"
    },
    "node_modules/meshoptimizer": {
      "version": "1.2.0",
      "resolved": "https://registry.npmjs.org/meshoptimizer/-/meshoptimizer-1.2.0.tgz",
      "integrity": "sha512-davRZeIJbxJrE24cwQle7ZDsxjdk/OphNOV83oX+efQinyoHY9Jcyz3MHbaoG0qySZajldGztNZ1RN/T19PZsg==",
      "dev": true,
      "license": "MIT"
    },
    "node_modules/playwright": {
      "version": "1.61.1",
      "resolved": "https://registry.npmjs.org/playwright/-/playwright-1.61.1.tgz",
      "integrity": "sha512-DWnY5o3YbLWK4GovuAVwpqL+1VwGNdUGrRr++8j8PtQQzvAVZUIMjKQ90fY689sEJZJBbZVw1rXaOKSTitkzPQ==",
      "dev": true,
      "license": "Apache-2.0",
      "dependencies": {
        "playwright-core": "1.61.1"
      },
      "bin": {
        "playwright": "cli.js"
      },
      "engines": {
        "node": ">=18"
      },
      "optionalDependencies": {
        "fsevents": "2.3.2"
      }
    },
    "node_modules/playwright-core": {
      "version": "1.61.1",
      "resolved": "https://registry.npmjs.org/playwright-core/-/playwright-core-1.61.1.tgz",
      "integrity": "sha512-h7Qlt6m4REp25qvIdvbDtVmD4LqVXfpRxhORv9L0jzETM05p4fuPJ3dKyuSXQxDSbXnmS79HAgi9589lGSpLkg==",
      "dev": true,
      "license": "Apache-2.0",
      "bin": {
        "playwright-core": "cli.js"
      },
      "engines": {
        "node": ">=18"
      }
    },
    "node_modules/yaml": {
      "version": "2.9.0",
      "resolved": "https://registry.npmjs.org/yaml/-/yaml-2.9.0.tgz",
      "integrity": "sha512-2AvhNX3mb8zd6Zy7INTtSpl1F15HW6Wnqj0srWlkKLcpYl/gMIMJiyuGq2KeI2YFxUPjdlB+3Lc10seMLtL4cA==",
      "dev": true,
      "license": "ISC",
      "bin": {
        "yaml": "bin.mjs"
      },
      "engines": {
        "node": ">= 14.6"
      },
      "funding": {
        "url": "https://github.com/sponsors/eemeli"
      }
    }
  }
}
