{
  "name": "@carbonenginejs/tools-browser",
  "version": "0.1.2",
  "lockfileVersion": 3,
  "requires": true,
  "packages": {
    "": {
      "name": "@carbonenginejs/tools-browser",
      "version": "0.1.2",
      "license": "MIT",
      "dependencies": {
        "@carbonenginejs/runtime-audio": "^0.3.0",
        "@carbonenginejs/runtime-resource": "^0.12.0",
        "@carbonenginejs/runtime-trinity": "^0.7.0",
        "@carbonenginejs/runtime-utils": "^0.1.2"
      },
      "devDependencies": {},
      "engines": {
        "node": ">=18"
      }
    },
    "node_modules/@carbonenginejs/runtime-audio": {
      "version": "0.3.0",
      "resolved": "https://registry.npmjs.org/@carbonenginejs/runtime-audio/-/runtime-audio-0.3.0.tgz",
      "integrity": "sha512-D/BVbMVFfXoZNOUvBAiofY8J0iwaoF4hRQDSz86AzMyRMAq1UFI8qwERCdw1zTLa9CFVTLqu8JhK6nDiy0cKng==",
      "license": "MIT",
      "dependencies": {
        "@carbonenginejs/runtime-resource": "^0.12.0",
        "@carbonenginejs/runtime-utils": "^0.1.0"
      },
      "engines": {
        "node": ">=18"
      }
    },
    "node_modules/@carbonenginejs/runtime-resource": {
      "version": "0.12.0",
      "resolved": "https://registry.npmjs.org/@carbonenginejs/runtime-resource/-/runtime-resource-0.12.0.tgz",
      "integrity": "sha512-7fkcAvZyza+2crSdpdisyREuodWl2bFnjWFTQ/s1t9RlgmrqkfKBYtlP66oE8yOfJK4F0d+k0RotshO3rJ/z1g==",
      "license": "MIT",
      "dependencies": {
        "@carbonenginejs/runtime-utils": "^0.1.0",
        "meshoptimizer": "^1.2.0",
        "yaml": "^2.4.0"
      },
      "engines": {
        "node": ">=18"
      }
    },
    "node_modules/@carbonenginejs/runtime-trinity": {
      "version": "0.7.0",
      "resolved": "https://registry.npmjs.org/@carbonenginejs/runtime-trinity/-/runtime-trinity-0.7.0.tgz",
      "integrity": "sha512-MY3Ayp5K1V+D1r3JyVEUhblHXtov/OLzA/yUSob4AfmdlWm1ptdI13LA8bqFgQh4k1LGvTZZo8vMalCJpJkAHQ==",
      "license": "MIT",
      "dependencies": {
        "@carbonenginejs/runtime-resource": "^0.9.2",
        "@carbonenginejs/runtime-utils": "^0.1.2"
      },
      "engines": {
        "node": ">=18"
      }
    },
    "node_modules/@carbonenginejs/runtime-trinity/node_modules/@carbonenginejs/runtime-resource": {
      "version": "0.9.2",
      "resolved": "https://registry.npmjs.org/@carbonenginejs/runtime-resource/-/runtime-resource-0.9.2.tgz",
      "integrity": "sha512-FGGODU5S/+u4SFMpSvDxJezN6LQ5QJf6LQFf1/jjVKFnRf/+Bnie1VesED4RgnIALhJqHBga2U3OMbSt+w3GQA==",
      "license": "MIT",
      "dependencies": {
        "@carbonenginejs/runtime-utils": "^0.1.0",
        "meshoptimizer": "^1.2.0",
        "yaml": "^2.4.0"
      },
      "engines": {
        "node": ">=18"
      }
    },
    "node_modules/@carbonenginejs/runtime-utils": {
      "version": "0.1.2",
      "resolved": "https://registry.npmjs.org/@carbonenginejs/runtime-utils/-/runtime-utils-0.1.2.tgz",
      "integrity": "sha512-3PiV8Y43kE93JxQbDjD4SNEuWq14Xdm/MvyNJxFhUPQk4KtzaVzTIyXcSi3Cw4WgmfV+cTyWsthR0rrkfly4pg==",
      "license": "MIT",
      "dependencies": {
        "gl-matrix": "^3.4.4"
      },
      "engines": {
        "node": ">=18"
      }
    },
    "node_modules/gl-matrix": {
      "version": "3.4.4",
      "resolved": "https://registry.npmjs.org/gl-matrix/-/gl-matrix-3.4.4.tgz",
      "integrity": "sha512-latSnyDNt/8zYUB6VIJ6PCh2jBjJX6gnDsoCZ7LyW7GkqrD51EWwa9qCoGixj8YqBtETQK/xY7OmpTF8xz1DdQ==",
      "license": "MIT"
    },
    "node_modules/meshoptimizer": {
      "version": "1.2.0",
      "resolved": "https://registry.npmjs.org/meshoptimizer/-/meshoptimizer-1.2.0.tgz",
      "integrity": "sha512-davRZeIJbxJrE24cwQle7ZDsxjdk/OphNOV83oX+efQinyoHY9Jcyz3MHbaoG0qySZajldGztNZ1RN/T19PZsg==",
      "license": "MIT"
    },
    "node_modules/yaml": {
      "version": "2.9.0",
      "resolved": "https://registry.npmjs.org/yaml/-/yaml-2.9.0.tgz",
      "integrity": "sha512-2AvhNX3mb8zd6Zy7INTtSpl1F15HW6Wnqj0srWlkKLcpYl/gMIMJiyuGq2KeI2YFxUPjdlB+3Lc10seMLtL4cA==",
      "license": "ISC",
      "bin": {
        "yaml": "bin.mjs"
      },
      "engines": {
        "node": ">= 14.6"
      },
      "funding": {
        "url": "https://github.com/sponsors/eemeli"
      }
    }
  }
}
