{
  "name": "@carbonenginejs/runtime-input",
  "version": "0.1.0",
  "lockfileVersion": 3,
  "requires": true,
  "packages": {
    "": {
      "name": "@carbonenginejs/runtime-input",
      "version": "0.1.0",
      "license": "MIT",
      "dependencies": {
        "@carbonenginejs/runtime-const": "file:../runtime-const",
        "@carbonenginejs/runtime-core": "file:../runtime-core"
      },
      "engines": {
        "node": ">=18"
      }
    },
    "../runtime-const": {
      "name": "@carbonenginejs/runtime-const",
      "version": "0.1.0",
      "license": "MIT",
      "devDependencies": {
        "eslint": "^8.57.1"
      },
      "engines": {
        "node": ">=18"
      }
    },
    "../runtime-core": {
      "name": "@carbonenginejs/runtime-core",
      "version": "0.2.0",
      "license": "MIT",
      "engines": {
        "node": ">=18"
      }
    },
    "node_modules/@carbonenginejs/runtime-const": {
      "resolved": "../runtime-const",
      "link": true
    },
    "node_modules/@carbonenginejs/runtime-core": {
      "resolved": "../runtime-core",
      "link": true
    }
  }
}
